<?xml version="1.0" encoding="utf-8"?>
<Project ToolsVersion="4.0" xmlns="http://schemas.microsoft.com/developer/msbuild/2003">
  <ItemGroup>
    <Filter Include="Source Files">
      <UniqueIdentifier>{4FC737F1-C7A5-4376-A066-2A32D752A2FF}</UniqueIdentifier>
      <Extensions>cpp;c;cc;cxx;def;odl;idl;hpj;bat;asm;asmx</Extensions>
    </Filter>
    <Filter Include="Header Files">
      <UniqueIdentifier>{93995380-89BD-4b04-88EB-625FBE52EBFB}</UniqueIdentifier>
      <Extensions>h;hpp;hxx;hm;inl;inc;xsd</Extensions>
    </Filter>
    <Filter Include="Resource Files">
      <UniqueIdentifier>{67DA6AB6-F800-4c08-8B7A-83BB121AAD01}</UniqueIdentifier>
      <Extensions>rc;ico;cur;bmp;dlg;rc2;rct;bin;rgs;gif;jpg;jpeg;jpe;resx;tiff;tif;png;wav;mfcribbon-ms</Extensions>
    </Filter>
  </ItemGroup>
  <ItemGroup>
    <Text Include="ReadMe.txt" />
  </ItemGroup>
  <ItemGroup>
    <ClInclude Include="targetver.h">
      <Filter>Header Files</Filter>
    </ClInclude>
    <ClInclude Include="UnmanagedGameOfLifeLib.h">
      <Filter>Header Files</Filter>
    </ClInclude>
    <ClInclude Include="Utils\Utils.h">
      <Filter>Header Files</Filter>
    </ClInclude>
    <ClInclude Include="PopulationManagement\PopulationData\LifeAddress.h">
      <Filter>Header Files</Filter>
    </ClInclude>
    <ClInclude Include="PopulationManagement\PopulationData\LifeEntity.h">
      <Filter>Header Files</Filter>
    </ClInclude>
    <ClInclude Include="PopulationManagement\PopulationInformationCenter.h">
      <Filter>Header Files</Filter>
    </ClInclude>
    <ClInclude Include="PopulationManagement\PopulationRegistration.h">
      <Filter>Header Files</Filter>
    </ClInclude>
    <ClInclude Include="GameManagement\GameManager.h">
      <Filter>Header Files</Filter>
    </ClInclude>
    <ClInclude Include="GameManagement\Listeners\IPopulationChangeListener.h">
      <Filter>Header Files</Filter>
    </ClInclude>
    <ClInclude Include="UserInterface\Steering\WorkDeployment\IUserGameManager.h">
      <Filter>Header Files</Filter>
    </ClInclude>
    <ClInclude Include="UserInterface\Steering\IUserSteeringConsole.h">
      <Filter>Header Files</Filter>
    </ClInclude>
    <ClInclude Include="UserInterface\Steering\UserSteeringConsole.h">
      <Filter>Header Files</Filter>
    </ClInclude>
    <ClInclude Include="UserInterface\GatheringData\IUserInfoCenter.h">
      <Filter>Header Files</Filter>
    </ClInclude>
    <ClInclude Include="UserInterface\GatheringData\UserInfoCenter.h">
      <Filter>Header Files</Filter>
    </ClInclude>
    <ClInclude Include="UserInterface\Steering\WorkDeployment\IUserPopulationRegistration.h">
      <Filter>Header Files</Filter>
    </ClInclude>
    <ClInclude Include="UserInterface\GatheringData\WorkDeployment\IPopulationInformationCenter.h">
      <Filter>Header Files</Filter>
    </ClInclude>
  </ItemGroup>
  <ItemGroup>
    <ClCompile Include="UnmanagedGameOfLifeLib.cpp">
      <Filter>Source Files</Filter>
    </ClCompile>
    <ClCompile Include="dllmain.cpp">
      <Filter>Source Files</Filter>
    </ClCompile>
    <ClCompile Include="PopulationManagement\PopulationData\LifeAddress.cpp">
      <Filter>Source Files</Filter>
    </ClCompile>
    <ClCompile Include="PopulationManagement\PopulationData\LifeEntity.cpp">
      <Filter>Source Files</Filter>
    </ClCompile>
    <ClCompile Include="PopulationManagement\PopulationInformationCenter.cpp">
      <Filter>Source Files</Filter>
    </ClCompile>
    <ClCompile Include="PopulationManagement\PopulationRegistration.cpp">
      <Filter>Source Files</Filter>
    </ClCompile>
    <ClCompile Include="GameManagement\GameManager.cpp">
      <Filter>Source Files</Filter>
    </ClCompile>
    <ClCompile Include="UserInterface\Steering\UserSteeringConsole.cpp">
      <Filter>Source Files</Filter>
    </ClCompile>
    <ClCompile Include="UserInterface\GatheringData\UserInfoCenter.cpp">
      <Filter>Source Files</Filter>
    </ClCompile>
  </ItemGroup>
</Project>